
Microsoft Visual Studio Solution File, Format Version 12.00
# Visual Studio Version 17
VisualStudioVersion = 17.3.32811.315
MinimumVisualStudioVersion = 10.0.40219.1
Project("{FAE04EC0-301F-11D3-BF4B-00C04F79EFBC}") = "MyRecipes", "MyRecipe\MyRecipes.csproj", "{065CEB33-8410-4E7F-B276-1D4F2055B6AD}"
EndProject
Global
	GlobalSection(SolutionConfigurationPlatforms) = preSolution
		Debug|Any CPU = Debug|Any CPU
		Release|Any CPU = Release|Any CPU
	EndGlobalSection
	GlobalSection(ProjectConfigurationPlatforms) = postSolution
		{065CEB33-8410-4E7F-B276-1D4F2055B6AD}.Debug|Any CPU.ActiveCfg = Debug|Any CPU
		{065CEB33-8410-4E7F-B276-1D4F2055B6AD}.Debug|Any CPU.Build.0 = Debug|Any CPU
		{065CEB33-8410-4E7F-B276-1D4F2055B6AD}.Release|Any CPU.ActiveCfg = Release|Any CPU
		{065CEB33-8410-4E7F-B276-1D4F2055B6AD}.Release|Any CPU.Build.0 = Release|Any CPU
	EndGlobalSection
	GlobalSection(SolutionProperties) = preSolution
		HideSolutionNode = FALSE
	EndGlobalSection
	GlobalSection(ExtensibilityGlobals) = postSolution
		SolutionGuid = {EC74F5A0-ECC5-4B11-A4B2-198BE4011616}
	EndGlobalSection
EndGlobal
